{
  "name": "3dnau.com",
  "version": "7.1.0",
  "lockfileVersion": 3,
  "requires": true,
  "packages": {
    "": {
      "name": "3dnau.com",
      "version": "7.1.0",
      "license": "ISC",
      "dependencies": {
        "@fortawesome/fontawesome-free": "^7.0.1",
        "material-symbols": "^0.34.1",
        "sass-embedded": "^1.100.0",
        "sharp": "^0.35.3",
        "sharp-ico": "^0.1.5",
        "simple-icons": "^15.12.0",
        "yaml": "2.9.1"
      }
    },
    "node_modules/@bufbuild/protobuf": {
      "version": "2.16.0",
      "resolved": "https://registry.npmjs.org/@bufbuild/protobuf/-/protobuf-2.16.0.tgz",
      "integrity": "sha512-FWa0sPlqYGJgpTs6OxBRcL/AW4JT0OIO+W1ajerluoTVh8CV0B7XM1qsNCRgnkSCkRCgOICKHRQlY17jrsm0+Q==",
      "license": "(Apache-2.0 AND BSD-3-Clause)"
    },
    "node_modules/@canvas/image-data": {
      "version": "1.1.0",
      "resolved": "https://registry.npmjs.org/@canvas/image-data/-/image-data-1.1.0.tgz",
      "integrity": "sha512-QdObRRjRbcXGmM1tmJ+MrHcaz1MftF2+W7YI+MsphnsCrmtyfS0d5qJbk0MeSbUeyM/jCb0hmnkXPsy026L7dA==",
      "license": "MIT"
    },
    "node_modules/@fortawesome/fontawesome-free": {
      "version": "7.3.1",
      "resolved": "https://registry.npmjs.org/@fortawesome/fontawesome-free/-/fontawesome-free-7.3.1.tgz",
      "integrity": "sha512-wmglKKPDIkgV3aWlZzWECCPoGIkYCulzBwxG9+w7rc5BGapZ6cPMpoPOT8k36J0Ni7PPX6c/rsoMWfS4d1MUMg==",
      "license": "(CC-BY-4.0 AND OFL-1.1 AND MIT)",
      "engines": {
        "node": ">=6"
      }
    },
    "node_modules/@img/colour": {
      "version": "1.1.0",
      "resolved": "https://registry.npmjs.org/@img/colour/-/colour-1.1.0.tgz",
      "integrity": "sha512-Td76q7j57o/tLVdgS746cYARfSyxk8iEfRxewL9h4OMzYhbW4TAcppl0mT4eyqXddh6L/jwoM75mo7ixa/pCeQ==",
      "license": "MIT",
      "engines": {
        "node": ">=18"
      }
    },
    "node_modules/@img/sharp-libvips-linux-x64": {
      "version": "1.3.4",
      "resolved": "https://registry.npmjs.org/@img/sharp-libvips-linux-x64/-/sharp-libvips-linux-x64-1.3.4.tgz",
      "integrity": "sha512-GJ//SSXbnwSDes02umB3nDJLFcQzw8a18V8fyhqr6tV515tOEMdImjjxj1AoafMRz56F3PHgftnj1QEKSU1zkw==",
      "cpu": [
        "x64"
      ],
      "license": "LGPL-3.0-or-later",
      "optional": true,
      "os": [
        "linux"
      ],
      "funding": {
        "url": "https://opencollective.com/libvips"
      }
    },
    "node_modules/@img/sharp-linux-x64": {
      "version": "0.35.5",
      "resolved": "https://registry.npmjs.org/@img/sharp-linux-x64/-/sharp-linux-x64-0.35.5.tgz",
      "integrity": "sha512-SxFtLTeJInhAA9Q836kux2vZNeOBQEx658qvbboZScr0wIARym3IcGmW7KpVD5sbVg0Ojy+udFQdayYIZyoNog==",
      "cpu": [
        "x64"
      ],
      "license": "Apache-2.0",
      "optional": true,
      "os": [
        "linux"
      ],
      "engines": {
        "node": ">=20.9.0"
      },
      "funding": {
        "url": "https://opencollective.com/libvips"
      },
      "optionalDependencies": {
        "@img/sharp-libvips-linux-x64": "1.3.4"
      }
    },
    "node_modules/colorjs.io": {
      "version": "0.7.1",
      "resolved": "https://registry.npmjs.org/colorjs.io/-/colorjs.io-0.7.1.tgz",
      "integrity": "sha512-LY7OHnJZxHwT5UlzNa9bbhHHDbzB6yE5+3MIPwJEQKRvSCt/T4G7epsj+9j2BExUIIfXFIJGsIXUKdfrK9Q5tA==",
      "license": "MIT",
      "funding": {
        "type": "opencollective",
        "url": "https://opencollective.com/color"
      }
    },
    "node_modules/decode-bmp": {
      "version": "0.2.1",
      "resolved": "https://registry.npmjs.org/decode-bmp/-/decode-bmp-0.2.1.tgz",
      "integrity": "sha512-NiOaGe+GN0KJqi2STf24hfMkFitDUaIoUU3eKvP/wAbLe8o6FuW5n/x7MHPR0HKvBokp6MQY/j7w8lewEeVCIA==",
      "license": "MIT",
      "dependencies": {
        "@canvas/image-data": "^1.0.0",
        "to-data-view": "^1.1.0"
      },
      "engines": {
        "node": ">=8.6.0"
      }
    },
    "node_modules/decode-ico": {
      "version": "0.4.1",
      "resolved": "https://registry.npmjs.org/decode-ico/-/decode-ico-0.4.1.tgz",
      "integrity": "sha512-69NZfbKIzux1vBOd31al3XnMnH+2mqDhEgLdpygErm4d60N+UwA5Sq5WFjmEDQzumgB9fElojGwWG0vybVfFmA==",
      "license": "MIT",
      "dependencies": {
        "@canvas/image-data": "^1.0.0",
        "decode-bmp": "^0.2.0",
        "to-data-view": "^1.1.0"
      },
      "engines": {
        "node": ">=8.6"
      }
    },
    "node_modules/detect-libc": {
      "version": "2.1.2",
      "resolved": "https://registry.npmjs.org/detect-libc/-/detect-libc-2.1.2.tgz",
      "integrity": "sha512-Btj2BOOO83o3WyH59e8MgXsxEQVcarkUOpEYrubB0urwnN10yQ364rsiByU11nZlqWYZm05i/of7io4mzihBtQ==",
      "license": "Apache-2.0",
      "engines": {
        "node": ">=8"
      }
    },
    "node_modules/has-flag": {
      "version": "4.0.0",
      "resolved": "https://registry.npmjs.org/has-flag/-/has-flag-4.0.0.tgz",
      "integrity": "sha512-EykJT/Q1KjTWctppgIAgfSO0tKVuZUjhgMr17kqTumMl6Afv3EISleU7qZUzoXDFTAHTDC4NOoG/ZxU3EvlMPQ==",
      "license": "MIT",
      "engines": {
        "node": ">=8"
      }
    },
    "node_modules/ico-endec": {
      "version": "0.1.6",
      "resolved": "https://registry.npmjs.org/ico-endec/-/ico-endec-0.1.6.tgz",
      "integrity": "sha512-ZdLU38ZoED3g1j3iEyzcQj+wAkY2xfWNkymszfJPoxucIUhK7NayQ+/C4Kv0nDFMIsbtbEHldv3V8PU494/ueQ==",
      "license": "MPL-2.0"
    },
    "node_modules/immutable": {
      "version": "5.1.9",
      "resolved": "https://registry.npmjs.org/immutable/-/immutable-5.1.9.tgz",
      "integrity": "sha512-m8nVez3rwrgmWxtLMt1ZYXB2Lv7OKYn/disyxAlSDYAlKSlFoPPfIAmAM/M5xqL4m4C/wAPw7S2/CNaUii1Hxg==",
      "license": "MIT"
    },
    "node_modules/material-symbols": {
      "version": "0.34.1",
      "resolved": "https://registry.npmjs.org/material-symbols/-/material-symbols-0.34.1.tgz",
      "integrity": "sha512-CEvMJuhNHna8+nbXlSB+7dGoD+0bXEUnDSsaVM5qBUL5u4ekuX96PjvfFG/iNUtuairyW18fqV5e8GLP0Sagfg==",
      "license": "Apache-2.0"
    },
    "node_modules/rxjs": {
      "version": "7.8.2",
      "resolved": "https://registry.npmjs.org/rxjs/-/rxjs-7.8.2.tgz",
      "integrity": "sha512-dhKf903U/PQZY6boNNtAGdWbG85WAbjT/1xYoZIC7FAY0yWapOBQVsVrDl58W86//e1VpMNBtRV4MaXfdMySFA==",
      "license": "Apache-2.0",
      "dependencies": {
        "tslib": "^2.1.0"
      }
    },
    "node_modules/sass-embedded": {
      "version": "1.105.1",
      "resolved": "https://registry.npmjs.org/sass-embedded/-/sass-embedded-1.105.1.tgz",
      "integrity": "sha512-9tKxXG4rq+oGTZUlQehWZwHxBTL80EiB8IWk9AEqz8uOqg910t88JIYbN92eMCxokQ5vrYSQxg15bh0o/3hh3w==",
      "license": "MIT",
      "dependencies": {
        "@bufbuild/protobuf": "^2.5.0",
        "colorjs.io": "^0.7.0",
        "immutable": "^5.1.5",
        "rxjs": "^7.4.0",
        "supports-color": "^8.1.1",
        "sync-child-process": "^1.0.2",
        "varint": "^6.0.0"
      },
      "bin": {
        "sass": "dist/bin/sass.js"
      },
      "engines": {
        "node": ">=20.19.0"
      },
      "optionalDependencies": {
        "sass-embedded-all-unknown": "1.105.1",
        "sass-embedded-android-arm": "1.105.1",
        "sass-embedded-android-arm64": "1.105.1",
        "sass-embedded-android-riscv64": "1.105.1",
        "sass-embedded-android-x64": "1.105.1",
        "sass-embedded-darwin-arm64": "1.105.1",
        "sass-embedded-darwin-x64": "1.105.1",
        "sass-embedded-linux-arm": "1.105.1",
        "sass-embedded-linux-arm64": "1.105.1",
        "sass-embedded-linux-musl-arm": "1.105.1",
        "sass-embedded-linux-musl-arm64": "1.105.1",
        "sass-embedded-linux-musl-riscv64": "1.105.1",
        "sass-embedded-linux-musl-x64": "1.105.1",
        "sass-embedded-linux-riscv64": "1.105.1",
        "sass-embedded-linux-x64": "1.105.1",
        "sass-embedded-unknown-all": "1.105.1",
        "sass-embedded-win32-arm64": "1.105.1",
        "sass-embedded-win32-x64": "1.105.1"
      }
    },
    "node_modules/sass-embedded-linux-x64": {
      "version": "1.105.1",
      "resolved": "https://registry.npmjs.org/sass-embedded-linux-x64/-/sass-embedded-linux-x64-1.105.1.tgz",
      "integrity": "sha512-YF4OyymSlm26OcdPovIZL1blzjTxf5yN/rzgTmoGqAjEk57+yIuYo+7jBCgSQZFov8Rn4uHhZT+u0cpzxNFMRg==",
      "cpu": [
        "x64"
      ],
      "license": "MIT",
      "optional": true,
      "os": [
        "linux"
      ],
      "engines": {
        "node": ">=14.0.0"
      }
    },
    "node_modules/semver": {
      "version": "7.8.5",
      "resolved": "https://registry.npmjs.org/semver/-/semver-7.8.5.tgz",
      "integrity": "sha512-Y7/KDsb8LjooZpwaqGyulO6DQlksgCncchHGk+sZIY4SBvUocMBEFH5Ur1fI4dV+Jvl0w6cjvucaIi40puRioA==",
      "license": "ISC",
      "bin": {
        "semver": "bin/semver.js"
      },
      "engines": {
        "node": ">=10"
      }
    },
    "node_modules/sharp": {
      "version": "0.35.5",
      "resolved": "https://registry.npmjs.org/sharp/-/sharp-0.35.5.tgz",
      "integrity": "sha512-Ywn4OnzGukp7CDMrp08RQ50YKmuwG47brZgIVPTvBaaAfQlRlygrRqSrxdCiL9M+LlzLBiJ68IR1QqvzHyjC7g==",
      "license": "Apache-2.0",
      "dependencies": {
        "@img/colour": "^1.1.0",
        "detect-libc": "^2.1.2",
        "semver": "^7.8.5"
      },
      "engines": {
        "node": ">=20.9.0"
      },
      "funding": {
        "url": "https://opencollective.com/libvips"
      },
      "optionalDependencies": {
        "@img/sharp-darwin-arm64": "0.35.5",
        "@img/sharp-darwin-x64": "0.35.5",
        "@img/sharp-freebsd-wasm32": "0.35.5",
        "@img/sharp-libvips-darwin-arm64": "1.3.4",
        "@img/sharp-libvips-darwin-x64": "1.3.4",
        "@img/sharp-libvips-linux-arm": "1.3.4",
        "@img/sharp-libvips-linux-arm64": "1.3.4",
        "@img/sharp-libvips-linux-ppc64": "1.3.4",
        "@img/sharp-libvips-linux-riscv64": "1.3.4",
        "@img/sharp-libvips-linux-s390x": "1.3.4",
        "@img/sharp-libvips-linux-x64": "1.3.4",
        "@img/sharp-libvips-linuxmusl-arm64": "1.3.4",
        "@img/sharp-libvips-linuxmusl-x64": "1.3.4",
        "@img/sharp-linux-arm": "0.35.5",
        "@img/sharp-linux-arm64": "0.35.5",
        "@img/sharp-linux-ppc64": "0.35.5",
        "@img/sharp-linux-riscv64": "0.35.5",
        "@img/sharp-linux-s390x": "0.35.5",
        "@img/sharp-linux-x64": "0.35.5",
        "@img/sharp-linuxmusl-arm64": "0.35.5",
        "@img/sharp-linuxmusl-x64": "0.35.5",
        "@img/sharp-webcontainers-wasm32": "0.35.5",
        "@img/sharp-win32-arm64": "0.35.5",
        "@img/sharp-win32-ia32": "0.35.5",
        "@img/sharp-win32-x64": "0.35.5"
      },
      "peerDependenciesMeta": {
        "@types/node": {
          "optional": true
        }
      }
    },
    "node_modules/sharp-ico": {
      "version": "0.1.5",
      "resolved": "https://registry.npmjs.org/sharp-ico/-/sharp-ico-0.1.5.tgz",
      "integrity": "sha512-a3jODQl82NPp1d5OYb0wY+oFaPk7AvyxipIowCHk7pBsZCWgbe0yAkU2OOXdoH0ENyANhyOQbs9xkAiRHcF02Q==",
      "license": "MIT",
      "dependencies": {
        "decode-ico": "*",
        "ico-endec": "*",
        "sharp": "*"
      }
    },
    "node_modules/simple-icons": {
      "version": "15.22.0",
      "resolved": "https://registry.npmjs.org/simple-icons/-/simple-icons-15.22.0.tgz",
      "integrity": "sha512-i/w5Ie4tENfGYbdCo2iJ+oies0vOFd8QXWHopKOUzudfLCvnmeheF2PpHp89Z2azpc+c2su3lMiWO/SpP+429A==",
      "funding": [
        {
          "type": "opencollective",
          "url": "https://opencollective.com/simple-icons"
        },
        {
          "type": "github",
          "url": "https://github.com/sponsors/simple-icons"
        }
      ],
      "license": "CC0-1.0",
      "engines": {
        "node": ">=0.12.18"
      }
    },
    "node_modules/supports-color": {
      "version": "8.1.1",
      "resolved": "https://registry.npmjs.org/supports-color/-/supports-color-8.1.1.tgz",
      "integrity": "sha512-MpUEN2OodtUzxvKQl72cUF7RQ5EiHsGvSsVG0ia9c5RbWGL2CI4C7EpPS8UTBIplnlzZiNuV56w+FuNxy3ty2Q==",
      "license": "MIT",
      "dependencies": {
        "has-flag": "^4.0.0"
      },
      "engines": {
        "node": ">=10"
      },
      "funding": {
        "url": "https://github.com/chalk/supports-color?sponsor=1"
      }
    },
    "node_modules/sync-child-process": {
      "version": "1.0.2",
      "resolved": "https://registry.npmjs.org/sync-child-process/-/sync-child-process-1.0.2.tgz",
      "integrity": "sha512-8lD+t2KrrScJ/7KXCSyfhT3/hRq78rC0wBFqNJXv3mZyn6hW2ypM05JmlSvtqRbeq6jqA94oHbxAr2vYsJ8vDA==",
      "license": "MIT",
      "dependencies": {
        "sync-message-port": "^1.0.0"
      },
      "engines": {
        "node": ">=16.0.0"
      }
    },
    "node_modules/sync-message-port": {
      "version": "1.2.0",
      "resolved": "https://registry.npmjs.org/sync-message-port/-/sync-message-port-1.2.0.tgz",
      "integrity": "sha512-gAQ9qrUN/UCypHtGFbbe7Rc/f9bzO88IwrG8TDo/aMKAApKyD6E3W4Cm0EfhfBb6Z6SKt59tTCTfD+n1xmAvMg==",
      "license": "MIT",
      "engines": {
        "node": ">=16.0.0"
      }
    },
    "node_modules/to-data-view": {
      "version": "1.1.0",
      "resolved": "https://registry.npmjs.org/to-data-view/-/to-data-view-1.1.0.tgz",
      "integrity": "sha512-1eAdufMg6mwgmlojAx3QeMnzB/BTVp7Tbndi3U7ftcT2zCZadjxkkmLmd97zmaxWi+sgGcgWrokmpEoy0Dn0vQ==",
      "license": "MIT"
    },
    "node_modules/tslib": {
      "version": "2.8.1",
      "resolved": "https://registry.npmjs.org/tslib/-/tslib-2.8.1.tgz",
      "integrity": "sha512-oJFu94HQb+KVduSUQL7wnpmqnfmLsOA/nAh6b6EH0wCEoK0/mPeXU6c3wKDV83MkOuHPRHtSXKKU99IBazS/2w==",
      "license": "0BSD"
    },
    "node_modules/varint": {
      "version": "6.0.0",
      "resolved": "https://registry.npmjs.org/varint/-/varint-6.0.0.tgz",
      "integrity": "sha512-cXEIW6cfr15lFv563k4GuVuW/fiwjknytD37jIOLSdSWuOI6WnO/oKwmP2FQTU2l01LP8/M5TSAJpzUaGe3uWg==",
      "license": "MIT"
    },
    "node_modules/yaml": {
      "version": "2.9.1",
      "resolved": "https://registry.npmjs.org/yaml/-/yaml-2.9.1.tgz",
      "integrity": "sha512-3NxN8+78OdzbT7C/WjGsyfPAtJaN3FNDsWxv7Y7mcDsT/oOmgW8BpyQQFFBnvZE3j9Y2Sdz1ULFLezL7Eb2yFw==",
      "license": "ISC",
      "bin": {
        "yaml": "bin.mjs"
      },
      "engines": {
        "node": ">= 14.6"
      },
      "funding": {
        "url": "https://github.com/sponsors/eemeli"
      }
    }
  }
}
